
Microsoft Visual Studio Solution File, Format Version 12.00
Project("{FAE04EC0-301F-11D3-BF4B-00C04F79EFBC}") = "libfreenect2sharp", "libfreenect2sharp.csproj", "{F35B340E-AE39-4A8E-BCC8-859DCCA66E1C}"
EndProject
Global
	GlobalSection(SolutionConfigurationPlatforms) = preSolution
		Debug|Any CPU = Debug|Any CPU
		Release|Any CPU = Release|Any CPU
	EndGlobalSection
	GlobalSection(ProjectConfigurationPlatforms) = postSolution
		{F35B340E-AE39-4A8E-BCC8-859DCCA66E1C}.Debug|Any CPU.ActiveCfg = Debug|Any CPU
		{F35B340E-AE39-4A8E-BCC8-859DCCA66E1C}.Debug|Any CPU.Build.0 = Debug|Any CPU
		{F35B340E-AE39-4A8E-BCC8-859DCCA66E1C}.Release|Any CPU.ActiveCfg = Release|Any CPU
		{F35B340E-AE39-4A8E-BCC8-859DCCA66E1C}.Release|Any CPU.Build.0 = Release|Any CPU
	EndGlobalSection
EndGlobal
